# THIS IS AN AUTOGENERATED FILE. DO NOT EDIT THIS FILE DIRECTLY.
# yarn lockfile v1


bs-platform@^5.2.0:
  version "5.2.0"
  resolved "https://registry.yarnpkg.com/bs-platform/-/bs-platform-5.2.0.tgz#0ec317273daed573491c105f68ea48826a285b7a"
  integrity sha512-miyePsOF9VbuhT5QD5E/hb+l454Fo4MAcg5xV1GJhbWxmejuF/X7mCYUsNrK1UUAaYt8hnoyFdeLG22sxVta9A==
